
Microsoft Visual Studio Solution File, Format Version 12.00
# Visual Studio Version 16
VisualStudioVersion = 25.0.1703.8
MinimumVisualStudioVersion = 10.0.40219.1
Project("{FAE04EC0-301F-11D3-BF4B-00C04F79EFBC}") = "3.1ElerMoidefiedElerPredikt", "3.1ElerMoidefiedElerPredikt\3.1ElerMoidefiedElerPredikt.csproj", "{A2C87E5F-DD1B-4328-9F9A-1ED59D27AB38}"
EndProject
Global
	GlobalSection(SolutionConfigurationPlatforms) = preSolution
		Debug|Any CPU = Debug|Any CPU
		Release|Any CPU = Release|Any CPU
	EndGlobalSection
	GlobalSection(ProjectConfigurationPlatforms) = postSolution
		{A2C87E5F-DD1B-4328-9F9A-1ED59D27AB38}.Debug|Any CPU.ActiveCfg = Debug|Any CPU
		{A2C87E5F-DD1B-4328-9F9A-1ED59D27AB38}.Debug|Any CPU.Build.0 = Debug|Any CPU
		{A2C87E5F-DD1B-4328-9F9A-1ED59D27AB38}.Release|Any CPU.ActiveCfg = Release|Any CPU
		{A2C87E5F-DD1B-4328-9F9A-1ED59D27AB38}.Release|Any CPU.Build.0 = Release|Any CPU
	EndGlobalSection
	GlobalSection(SolutionProperties) = preSolution
		HideSolutionNode = FALSE
	EndGlobalSection
	GlobalSection(ExtensibilityGlobals) = postSolution
		SolutionGuid = {61B43D6D-5B4C-4234-9C9C-EEFEA18DA05A}
	EndGlobalSection
EndGlobal
