
Microsoft Visual Studio Solution File, Format Version 12.00
# Visual Studio Version 16
VisualStudioVersion = 25.0.1703.8
MinimumVisualStudioVersion = 10.0.40219.1
Project("{FAE04EC0-301F-11D3-BF4B-00C04F79EFBC}") = "2.1Gaus", "2.1Gaus\2.1Gaus.csproj", "{CCC504BD-96B8-407C-A71D-9AEF53ECFBBC}"
EndProject
Global
	GlobalSection(SolutionConfigurationPlatforms) = preSolution
		Debug|Any CPU = Debug|Any CPU
		Release|Any CPU = Release|Any CPU
	EndGlobalSection
	GlobalSection(ProjectConfigurationPlatforms) = postSolution
		{CCC504BD-96B8-407C-A71D-9AEF53ECFBBC}.Debug|Any CPU.ActiveCfg = Debug|Any CPU
		{CCC504BD-96B8-407C-A71D-9AEF53ECFBBC}.Debug|Any CPU.Build.0 = Debug|Any CPU
		{CCC504BD-96B8-407C-A71D-9AEF53ECFBBC}.Release|Any CPU.ActiveCfg = Release|Any CPU
		{CCC504BD-96B8-407C-A71D-9AEF53ECFBBC}.Release|Any CPU.Build.0 = Release|Any CPU
	EndGlobalSection
	GlobalSection(SolutionProperties) = preSolution
		HideSolutionNode = FALSE
	EndGlobalSection
	GlobalSection(ExtensibilityGlobals) = postSolution
		SolutionGuid = {464E2F5F-29FC-4189-AF13-34AB99D84A0B}
	EndGlobalSection
EndGlobal
