
Microsoft Visual Studio Solution File, Format Version 12.00
# Visual Studio Version 16
VisualStudioVersion = 25.0.1703.8
MinimumVisualStudioVersion = 10.0.40219.1
Project("{FAE04EC0-301F-11D3-BF4B-00C04F79EFBC}") = "2.3NahogdenieOpredilitelyaIobratnyMatrix", "2.3NahogdenieOpredilitelyaIobratnyMatrix\2.3NahogdenieOpredilitelyaIobratnyMatrix.csproj", "{AFEC8189-740C-4AE4-9FB1-67A312C90432}"
EndProject
Global
	GlobalSection(SolutionConfigurationPlatforms) = preSolution
		Debug|Any CPU = Debug|Any CPU
		Release|Any CPU = Release|Any CPU
	EndGlobalSection
	GlobalSection(ProjectConfigurationPlatforms) = postSolution
		{AFEC8189-740C-4AE4-9FB1-67A312C90432}.Debug|Any CPU.ActiveCfg = Debug|Any CPU
		{AFEC8189-740C-4AE4-9FB1-67A312C90432}.Debug|Any CPU.Build.0 = Debug|Any CPU
		{AFEC8189-740C-4AE4-9FB1-67A312C90432}.Release|Any CPU.ActiveCfg = Release|Any CPU
		{AFEC8189-740C-4AE4-9FB1-67A312C90432}.Release|Any CPU.Build.0 = Release|Any CPU
	EndGlobalSection
	GlobalSection(SolutionProperties) = preSolution
		HideSolutionNode = FALSE
	EndGlobalSection
	GlobalSection(ExtensibilityGlobals) = postSolution
		SolutionGuid = {56C2421E-3FD2-4143-9B47-56E5CCD57BE4}
	EndGlobalSection
EndGlobal
